// !$*UTF8*$!
{
	archiveVersion = 1;
	classes = {
	};
	objectVersion = 56;
	objects = {

/* Begin PBXBuildFile section */
		594018DE2B8E9A13009ABC9F /* OpenAIChatApp.swift in Sources */ = {isa = PBXBuildFile; fileRef = 594018DD2B8E9A13009ABC9F /* OpenAIChatApp.swift */; };
		594018E22B8E9A15009ABC9F /* Assets.xcassets in Resources */ = {isa = PBXBuildFile; fileRef = 594018E12B8E9A15009ABC9F /* Assets.xcassets */; };
		594018E52B8E9A15009ABC9F /* Preview Assets.xcassets in Resources */ = {isa = PBXBuildFile; fileRef = 594018E42B8E9A15009ABC9F /* Preview Assets.xcassets */; };
		594018E72B8E9A15009ABC9F /* Persistence.swift in Sources */ = {isa = PBXBuildFile; fileRef = 594018E62B8E9A15009ABC9F /* Persistence.swift */; };
		594018EA2B8E9A15009ABC9F /* OpenAIChat.xcdatamodeld in Sources */ = {isa = PBXBuildFile; fileRef = 594018E82B8E9A15009ABC9F /* OpenAIChat.xcdatamodeld */; };
		594018F42B8E9A15009ABC9F /* OpenAIChatTests.swift in Sources */ = {isa = PBXBuildFile; fileRef = 594018F32B8E9A15009ABC9F /* OpenAIChatTests.swift */; };
		594018FE2B8E9A15009ABC9F /* OpenAIChatUITests.swift in Sources */ = {isa = PBXBuildFile; fileRef = 594018FD2B8E9A15009ABC9F /* OpenAIChatUITests.swift */; };
		594019002B8E9A15009ABC9F /* OpenAIChatUITestsLaunchTests.swift in Sources */ = {isa = PBXBuildFile; fileRef = 594018FF2B8E9A15009ABC9F /* OpenAIChatUITestsLaunchTests.swift */; };
		594019152B8EA530009ABC9F /* ApiResponse+CoreDataClass.swift in Sources */ = {isa = PBXBuildFile; fileRef = 594019132B8EA530009ABC9F /* ApiResponse+CoreDataClass.swift */; };
		594019162B8EA530009ABC9F /* ApiResponse+CoreDataProperties.swift in Sources */ = {isa = PBXBuildFile; fileRef = 594019142B8EA530009ABC9F /* ApiResponse+CoreDataProperties.swift */; };
		5940191B2B8EA9B0009ABC9F /* ApiResponseChoices+CoreDataClass.swift in Sources */ = {isa = PBXBuildFile; fileRef = 594019192B8EA9B0009ABC9F /* ApiResponseChoices+CoreDataClass.swift */; };
		5940191C2B8EA9B0009ABC9F /* ApiResponseChoices+CoreDataProperties.swift in Sources */ = {isa = PBXBuildFile; fileRef = 5940191A2B8EA9B0009ABC9F /* ApiResponseChoices+CoreDataProperties.swift */; };
		5940191F2B8EB13A009ABC9F /* Message+CoreDataClass.swift in Sources */ = {isa = PBXBuildFile; fileRef = 5940191D2B8EB13A009ABC9F /* Message+CoreDataClass.swift */; };
		594019202B8EB13A009ABC9F /* Message+CoreDataProperties.swift in Sources */ = {isa = PBXBuildFile; fileRef = 5940191E2B8EB13A009ABC9F /* Message+CoreDataProperties.swift */; };
		594019242B8F90EE009ABC9F /* Chat+CoreDataClass.swift in Sources */ = {isa = PBXBuildFile; fileRef = 594019222B8F90EE009ABC9F /* Chat+CoreDataClass.swift */; };
		594019252B8F90EE009ABC9F /* Chat+CoreDataProperties.swift in Sources */ = {isa = PBXBuildFile; fileRef = 594019232B8F90EE009ABC9F /* Chat+CoreDataProperties.swift */; };
		594019282B8FE0BE009ABC9F /* MainView.swift in Sources */ = {isa = PBXBuildFile; fileRef = 594019272B8FE0BE009ABC9F /* MainView.swift */; };
		5940192E2B8FE578009ABC9F /* MessageModel.swift in Sources */ = {isa = PBXBuildFile; fileRef = 5940192D2B8FE578009ABC9F /* MessageModel.swift */; };
		594019322B8FED38009ABC9F /* MessageView.swift in Sources */ = {isa = PBXBuildFile; fileRef = 594019312B8FED38009ABC9F /* MessageView.swift */; };
		595BF5A82B90281500E135BF /* ChatModel.swift in Sources */ = {isa = PBXBuildFile; fileRef = 595BF5A72B90281500E135BF /* ChatModel.swift */; };
		595BF5AA2B90282400E135BF /* ChatViewModel.swift in Sources */ = {isa = PBXBuildFile; fileRef = 595BF5A92B90282400E135BF /* ChatViewModel.swift */; };
		595BF5AE2B90391500E135BF /* ChatView.swift in Sources */ = {isa = PBXBuildFile; fileRef = 595BF5AD2B90391500E135BF /* ChatView.swift */; };
		596B795E2B9107AC00C93BC0 /* SMBView.swift in Sources */ = {isa = PBXBuildFile; fileRef = 596B795D2B9107AC00C93BC0 /* SMBView.swift */; };
		596B79602B91087E00C93BC0 /* SMBViewModel.swift in Sources */ = {isa = PBXBuildFile; fileRef = 596B795F2B91087E00C93BC0 /* SMBViewModel.swift */; };
		596B79622B9108B900C93BC0 /* SMBModel.swift in Sources */ = {isa = PBXBuildFile; fileRef = 596B79612B9108B900C93BC0 /* SMBModel.swift */; };
		596B79642B910B2900C93BC0 /* ApiResponsePersistence.swift in Sources */ = {isa = PBXBuildFile; fileRef = 596B79632B910B2900C93BC0 /* ApiResponsePersistence.swift */; };
		596B79682B91143E00C93BC0 /* TextFieldViewModel.swift in Sources */ = {isa = PBXBuildFile; fileRef = 596B79672B91143E00C93BC0 /* TextFieldViewModel.swift */; };
		596B796A2B91145400C93BC0 /* TextFieldModel.swift in Sources */ = {isa = PBXBuildFile; fileRef = 596B79692B91145400C93BC0 /* TextFieldModel.swift */; };
		59B8C2982B95067B00C19B1E /* TextFieldView.swift in Sources */ = {isa = PBXBuildFile; fileRef = 59B8C2972B95067B00C19B1E /* TextFieldView.swift */; };
/* End PBXBuildFile section */

/* Begin PBXContainerItemProxy section */
		594018F02B8E9A15009ABC9F /* PBXContainerItemProxy */ = {
			isa = PBXContainerItemProxy;
			containerPortal = 594018D22B8E9A13009ABC9F /* Project object */;
			proxyType = 1;
			remoteGlobalIDString = 594018D92B8E9A13009ABC9F;
			remoteInfo = OpenAIChat;
		};
		594018FA2B8E9A15009ABC9F /* PBXContainerItemProxy */ = {
			isa = PBXContainerItemProxy;
			containerPortal = 594018D22B8E9A13009ABC9F /* Project object */;
			proxyType = 1;
			remoteGlobalIDString = 594018D92B8E9A13009ABC9F;
			remoteInfo = OpenAIChat;
		};
/* End PBXContainerItemProxy section */

/* Begin PBXFileReference section */
		594018DA2B8E9A13009ABC9F /* OpenAIChat.app */ = {isa = PBXFileReference; explicitFileType = wrapper.application; includeInIndex = 0; path = OpenAIChat.app; sourceTree = BUILT_PRODUCTS_DIR; };
		594018DD2B8E9A13009ABC9F /* OpenAIChatApp.swift */ = {isa = PBXFileReference; lastKnownFileType = sourcecode.swift; path = OpenAIChatApp.swift; sourceTree = "<group>"; };
		594018E12B8E9A15009ABC9F /* Assets.xcassets */ = {isa = PBXFileReference; lastKnownFileType = folder.assetcatalog; path = Assets.xcassets; sourceTree = "<group>"; };
		594018E42B8E9A15009ABC9F /* Preview Assets.xcassets */ = {isa = PBXFileReference; lastKnownFileType = folder.assetcatalog; path = "Preview Assets.xcassets"; sourceTree = "<group>"; };
		594018E62B8E9A15009ABC9F /* Persistence.swift */ = {isa = PBXFileReference; lastKnownFileType = sourcecode.swift; path = Persistence.swift; sourceTree = "<group>"; };
		594018E92B8E9A15009ABC9F /* OpenAIChat.xcdatamodel */ = {isa = PBXFileReference; lastKnownFileType = wrapper.xcdatamodel; path = OpenAIChat.xcdatamodel; sourceTree = "<group>"; };
		594018EF2B8E9A15009ABC9F /* OpenAIChatTests.xctest */ = {isa = PBXFileReference; explicitFileType = wrapper.cfbundle; includeInIndex = 0; path = OpenAIChatTests.xctest; sourceTree = BUILT_PRODUCTS_DIR; };
		594018F32B8E9A15009ABC9F /* OpenAIChatTests.swift */ = {isa = PBXFileReference; lastKnownFileType = sourcecode.swift; path = OpenAIChatTests.swift; sourceTree = "<group>"; };
		594018F92B8E9A15009ABC9F /* OpenAIChatUITests.xctest */ = {isa = PBXFileReference; explicitFileType = wrapper.cfbundle; includeInIndex = 0; path = OpenAIChatUITests.xctest; sourceTree = BUILT_PRODUCTS_DIR; };
		594018FD2B8E9A15009ABC9F /* OpenAIChatUITests.swift */ = {isa = PBXFileReference; lastKnownFileType = sourcecode.swift; path = OpenAIChatUITests.swift; sourceTree = "<group>"; };
		594018FF2B8E9A15009ABC9F /* OpenAIChatUITestsLaunchTests.swift */ = {isa = PBXFileReference; lastKnownFileType = sourcecode.swift; path = OpenAIChatUITestsLaunchTests.swift; sourceTree = "<group>"; };
		594019132B8EA530009ABC9F /* ApiResponse+CoreDataClass.swift */ = {isa = PBXFileReference; lastKnownFileType = sourcecode.swift; path = "ApiResponse+CoreDataClass.swift"; sourceTree = "<group>"; };
		594019142B8EA530009ABC9F /* ApiResponse+CoreDataProperties.swift */ = {isa = PBXFileReference; lastKnownFileType = sourcecode.swift; path = "ApiResponse+CoreDataProperties.swift"; sourceTree = "<group>"; };
		594019192B8EA9B0009ABC9F /* ApiResponseChoices+CoreDataClass.swift */ = {isa = PBXFileReference; lastKnownFileType = sourcecode.swift; path = "ApiResponseChoices+CoreDataClass.swift"; sourceTree = "<group>"; };
		5940191A2B8EA9B0009ABC9F /* ApiResponseChoices+CoreDataProperties.swift */ = {isa = PBXFileReference; lastKnownFileType = sourcecode.swift; path = "ApiResponseChoices+CoreDataProperties.swift"; sourceTree = "<group>"; };
		5940191D2B8EB13A009ABC9F /* Message+CoreDataClass.swift */ = {isa = PBXFileReference; lastKnownFileType = sourcecode.swift; path = "Message+CoreDataClass.swift"; sourceTree = "<group>"; };
		5940191E2B8EB13A009ABC9F /* Message+CoreDataProperties.swift */ = {isa = PBXFileReference; lastKnownFileType = sourcecode.swift; path = "Message+CoreDataProperties.swift"; sourceTree = "<group>"; };
		594019222B8F90EE009ABC9F /* Chat+CoreDataClass.swift */ = {isa = PBXFileReference; lastKnownFileType = sourcecode.swift; path = "Chat+CoreDataClass.swift"; sourceTree = "<group>"; };
		594019232B8F90EE009ABC9F /* Chat+CoreDataProperties.swift */ = {isa = PBXFileReference; lastKnownFileType = sourcecode.swift; path = "Chat+CoreDataProperties.swift"; sourceTree = "<group>"; };
		594019272B8FE0BE009ABC9F /* MainView.swift */ = {isa = PBXFileReference; lastKnownFileType = sourcecode.swift; path = MainView.swift; sourceTree = "<group>"; };
		5940192D2B8FE578009ABC9F /* MessageModel.swift */ = {isa = PBXFileReference; lastKnownFileType = sourcecode.swift; path = MessageModel.swift; sourceTree = "<group>"; };
		594019312B8FED38009ABC9F /* MessageView.swift */ = {isa = PBXFileReference; lastKnownFileType = sourcecode.swift; path = MessageView.swift; sourceTree = "<group>"; };
		595BF5A72B90281500E135BF /* ChatModel.swift */ = {isa = PBXFileReference; lastKnownFileType = sourcecode.swift; path = ChatModel.swift; sourceTree = "<group>"; };
		595BF5A92B90282400E135BF /* ChatViewModel.swift */ = {isa = PBXFileReference; lastKnownFileType = sourcecode.swift; path = ChatViewModel.swift; sourceTree = "<group>"; };
		595BF5AD2B90391500E135BF /* ChatView.swift */ = {isa = PBXFileReference; lastKnownFileType = sourcecode.swift; path = ChatView.swift; sourceTree = "<group>"; };
		596B795D2B9107AC00C93BC0 /* SMBView.swift */ = {isa = PBXFileReference; lastKnownFileType = sourcecode.swift; path = SMBView.swift; sourceTree = "<group>"; };
		596B795F2B91087E00C93BC0 /* SMBViewModel.swift */ = {isa = PBXFileReference; lastKnownFileType = sourcecode.swift; path = SMBViewModel.swift; sourceTree = "<group>"; };
		596B79612B9108B900C93BC0 /* SMBModel.swift */ = {isa = PBXFileReference; lastKnownFileType = sourcecode.swift; path = SMBModel.swift; sourceTree = "<group>"; };
		596B79632B910B2900C93BC0 /* ApiResponsePersistence.swift */ = {isa = PBXFileReference; lastKnownFileType = sourcecode.swift; path = ApiResponsePersistence.swift; sourceTree = "<group>"; };
		596B79672B91143E00C93BC0 /* TextFieldViewModel.swift */ = {isa = PBXFileReference; lastKnownFileType = sourcecode.swift; path = TextFieldViewModel.swift; sourceTree = "<group>"; };
		596B79692B91145400C93BC0 /* TextFieldModel.swift */ = {isa = PBXFileReference; lastKnownFileType = sourcecode.swift; path = TextFieldModel.swift; sourceTree = "<group>"; };
		59B8C2972B95067B00C19B1E /* TextFieldView.swift */ = {isa = PBXFileReference; lastKnownFileType = sourcecode.swift; path = TextFieldView.swift; sourceTree = "<group>"; };
/* End PBXFileReference section */

/* Begin PBXFrameworksBuildPhase section */
		594018D72B8E9A13009ABC9F /* Frameworks */ = {
			isa = PBXFrameworksBuildPhase;
			buildActionMask = 2147483647;
			files = (
			);
			runOnlyForDeploymentPostprocessing = 0;
		};
		594018EC2B8E9A15009ABC9F /* Frameworks */ = {
			isa = PBXFrameworksBuildPhase;
			buildActionMask = 2147483647;
			files = (
			);
			runOnlyForDeploymentPostprocessing = 0;
		};
		594018F62B8E9A15009ABC9F /* Frameworks */ = {
			isa = PBXFrameworksBuildPhase;
			buildActionMask = 2147483647;
			files = (
			);
			runOnlyForDeploymentPostprocessing = 0;
		};
/* End PBXFrameworksBuildPhase section */

/* Begin PBXGroup section */
		594018D12B8E9A13009ABC9F = {
			isa = PBXGroup;
			children = (
				594018DC2B8E9A13009ABC9F /* OpenAIChat */,
				594018F22B8E9A15009ABC9F /* OpenAIChatTests */,
				594018FC2B8E9A15009ABC9F /* OpenAIChatUITests */,
				594018DB2B8E9A13009ABC9F /* Products */,
			);
			sourceTree = "<group>";
		};
		594018DB2B8E9A13009ABC9F /* Products */ = {
			isa = PBXGroup;
			children = (
				594018DA2B8E9A13009ABC9F /* OpenAIChat.app */,
				594018EF2B8E9A15009ABC9F /* OpenAIChatTests.xctest */,
				594018F92B8E9A15009ABC9F /* OpenAIChatUITests.xctest */,
			);
			name = Products;
			sourceTree = "<group>";
		};
		594018DC2B8E9A13009ABC9F /* OpenAIChat */ = {
			isa = PBXGroup;
			children = (
				594019362B8FF504009ABC9F /* UI */,
				594019292B8FE11E009ABC9F /* Modules */,
				594018DD2B8E9A13009ABC9F /* OpenAIChatApp.swift */,
				594019272B8FE0BE009ABC9F /* MainView.swift */,
				5940190C2B8E9A4F009ABC9F /* DataModel */,
				594018E32B8E9A15009ABC9F /* Preview Content */,
				594018E12B8E9A15009ABC9F /* Assets.xcassets */,
			);
			path = OpenAIChat;
			sourceTree = "<group>";
		};
		594018E32B8E9A15009ABC9F /* Preview Content */ = {
			isa = PBXGroup;
			children = (
				594018E42B8E9A15009ABC9F /* Preview Assets.xcassets */,
			);
			path = "Preview Content";
			sourceTree = "<group>";
		};
		594018F22B8E9A15009ABC9F /* OpenAIChatTests */ = {
			isa = PBXGroup;
			children = (
				594018F32B8E9A15009ABC9F /* OpenAIChatTests.swift */,
			);
			path = OpenAIChatTests;
			sourceTree = "<group>";
		};
		594018FC2B8E9A15009ABC9F /* OpenAIChatUITests */ = {
			isa = PBXGroup;
			children = (
				594018FD2B8E9A15009ABC9F /* OpenAIChatUITests.swift */,
				594018FF2B8E9A15009ABC9F /* OpenAIChatUITestsLaunchTests.swift */,
			);
			path = OpenAIChatUITests;
			sourceTree = "<group>";
		};
		5940190C2B8E9A4F009ABC9F /* DataModel */ = {
			isa = PBXGroup;
			children = (
				594019262B8F94CA009ABC9F /* Chat */,
				594019212B8EC3A0009ABC9F /* Message */,
				594019182B8EA95B009ABC9F /* ApiResponseChoices */,
				594019172B8EA944009ABC9F /* ApiResponse */,
				594018E82B8E9A15009ABC9F /* OpenAIChat.xcdatamodeld */,
				594018E62B8E9A15009ABC9F /* Persistence.swift */,
			);
			path = DataModel;
			sourceTree = "<group>";
		};
		594019172B8EA944009ABC9F /* ApiResponse */ = {
			isa = PBXGroup;
			children = (
				594019142B8EA530009ABC9F /* ApiResponse+CoreDataProperties.swift */,
				594019132B8EA530009ABC9F /* ApiResponse+CoreDataClass.swift */,
				596B79632B910B2900C93BC0 /* ApiResponsePersistence.swift */,
			);
			path = ApiResponse;
			sourceTree = "<group>";
		};
		594019182B8EA95B009ABC9F /* ApiResponseChoices */ = {
			isa = PBXGroup;
			children = (
				594019192B8EA9B0009ABC9F /* ApiResponseChoices+CoreDataClass.swift */,
				5940191A2B8EA9B0009ABC9F /* ApiResponseChoices+CoreDataProperties.swift */,
			);
			path = ApiResponseChoices;
			sourceTree = "<group>";
		};
		594019212B8EC3A0009ABC9F /* Message */ = {
			isa = PBXGroup;
			children = (
				5940191E2B8EB13A009ABC9F /* Message+CoreDataProperties.swift */,
				5940191D2B8EB13A009ABC9F /* Message+CoreDataClass.swift */,
			);
			path = Message;
			sourceTree = "<group>";
		};
		594019262B8F94CA009ABC9F /* Chat */ = {
			isa = PBXGroup;
			children = (
				594019222B8F90EE009ABC9F /* Chat+CoreDataClass.swift */,
				594019232B8F90EE009ABC9F /* Chat+CoreDataProperties.swift */,
			);
			path = Chat;
			sourceTree = "<group>";
		};
		594019292B8FE11E009ABC9F /* Modules */ = {
			isa = PBXGroup;
			children = (
				5940192C2B8FE1DB009ABC9F /* SideBar */,
				5940192A2B8FE1A3009ABC9F /* Chat */,
			);
			path = Modules;
			sourceTree = "<group>";
		};
		5940192A2B8FE1A3009ABC9F /* Chat */ = {
			isa = PBXGroup;
			children = (
				595BF5AD2B90391500E135BF /* ChatView.swift */,
				595BF5A92B90282400E135BF /* ChatViewModel.swift */,
				595BF5A72B90281500E135BF /* ChatModel.swift */,
				5940192B2B8FE1CC009ABC9F /* Messages */,
				596B795C2B91058C00C93BC0 /* SendMessageButton */,
				596B79562B91049E00C93BC0 /* TextField */,
			);
			path = Chat;
			sourceTree = "<group>";
		};
		5940192B2B8FE1CC009ABC9F /* Messages */ = {
			isa = PBXGroup;
			children = (
				594019312B8FED38009ABC9F /* MessageView.swift */,
				5940192D2B8FE578009ABC9F /* MessageModel.swift */,
			);
			path = Messages;
			sourceTree = "<group>";
		};
		5940192C2B8FE1DB009ABC9F /* SideBar */ = {
			isa = PBXGroup;
			children = (
			);
			path = SideBar;
			sourceTree = "<group>";
		};
		594019362B8FF504009ABC9F /* UI */ = {
			isa = PBXGroup;
			children = (
			);
			path = UI;
			sourceTree = "<group>";
		};
		596B79562B91049E00C93BC0 /* TextField */ = {
			isa = PBXGroup;
			children = (
				59B8C2972B95067B00C19B1E /* TextFieldView.swift */,
				596B79672B91143E00C93BC0 /* TextFieldViewModel.swift */,
				596B79692B91145400C93BC0 /* TextFieldModel.swift */,
			);
			path = TextField;
			sourceTree = "<group>";
		};
		596B795C2B91058C00C93BC0 /* SendMessageButton */ = {
			isa = PBXGroup;
			children = (
				596B795D2B9107AC00C93BC0 /* SMBView.swift */,
				596B795F2B91087E00C93BC0 /* SMBViewModel.swift */,
				596B79612B9108B900C93BC0 /* SMBModel.swift */,
			);
			path = SendMessageButton;
			sourceTree = "<group>";
		};
/* End PBXGroup section */

/* Begin PBXNativeTarget section */
		594018D92B8E9A13009ABC9F /* OpenAIChat */ = {
			isa = PBXNativeTarget;
			buildConfigurationList = 594019032B8E9A15009ABC9F /* Build configuration list for PBXNativeTarget "OpenAIChat" */;
			buildPhases = (
				594018D62B8E9A13009ABC9F /* Sources */,
				594018D72B8E9A13009ABC9F /* Frameworks */,
				594018D82B8E9A13009ABC9F /* Resources */,
			);
			buildRules = (
			);
			dependencies = (
			);
			name = OpenAIChat;
			productName = OpenAIChat;
			productReference = 594018DA2B8E9A13009ABC9F /* OpenAIChat.app */;
			productType = "com.apple.product-type.application";
		};
		594018EE2B8E9A15009ABC9F /* OpenAIChatTests */ = {
			isa = PBXNativeTarget;
			buildConfigurationList = 594019062B8E9A15009ABC9F /* Build configuration list for PBXNativeTarget "OpenAIChatTests" */;
			buildPhases = (
				594018EB2B8E9A15009ABC9F /* Sources */,
				594018EC2B8E9A15009ABC9F /* Frameworks */,
				594018ED2B8E9A15009ABC9F /* Resources */,
			);
			buildRules = (
			);
			dependencies = (
				594018F12B8E9A15009ABC9F /* PBXTargetDependency */,
			);
			name = OpenAIChatTests;
			productName = OpenAIChatTests;
			productReference = 594018EF2B8E9A15009ABC9F /* OpenAIChatTests.xctest */;
			productType = "com.apple.product-type.bundle.unit-test";
		};
		594018F82B8E9A15009ABC9F /* OpenAIChatUITests */ = {
			isa = PBXNativeTarget;
			buildConfigurationList = 594019092B8E9A15009ABC9F /* Build configuration list for PBXNativeTarget "OpenAIChatUITests" */;
			buildPhases = (
				594018F52B8E9A15009ABC9F /* Sources */,
				594018F62B8E9A15009ABC9F /* Frameworks */,
				594018F72B8E9A15009ABC9F /* Resources */,
			);
			buildRules = (
			);
			dependencies = (
				594018FB2B8E9A15009ABC9F /* PBXTargetDependency */,
			);
			name = OpenAIChatUITests;
			productName = OpenAIChatUITests;
			productReference = 594018F92B8E9A15009ABC9F /* OpenAIChatUITests.xctest */;
			productType = "com.apple.product-type.bundle.ui-testing";
		};
/* End PBXNativeTarget section */

/* Begin PBXProject section */
		594018D22B8E9A13009ABC9F /* Project object */ = {
			isa = PBXProject;
			attributes = {
				BuildIndependentTargetsInParallel = 1;
				LastSwiftUpdateCheck = 1520;
				LastUpgradeCheck = 1520;
				TargetAttributes = {
					594018D92B8E9A13009ABC9F = {
						CreatedOnToolsVersion = 15.2;
					};
					594018EE2B8E9A15009ABC9F = {
						CreatedOnToolsVersion = 15.2;
						TestTargetID = 594018D92B8E9A13009ABC9F;
					};
					594018F82B8E9A15009ABC9F = {
						CreatedOnToolsVersion = 15.2;
						TestTargetID = 594018D92B8E9A13009ABC9F;
					};
				};
			};
			buildConfigurationList = 594018D52B8E9A13009ABC9F /* Build configuration list for PBXProject "OpenAIChat" */;
			compatibilityVersion = "Xcode 14.0";
			developmentRegion = en;
			hasScannedForEncodings = 0;
			knownRegions = (
				en,
				Base,
			);
			mainGroup = 594018D12B8E9A13009ABC9F;
			productRefGroup = 594018DB2B8E9A13009ABC9F /* Products */;
			projectDirPath = "";
			projectRoot = "";
			targets = (
				594018D92B8E9A13009ABC9F /* OpenAIChat */,
				594018EE2B8E9A15009ABC9F /* OpenAIChatTests */,
				594018F82B8E9A15009ABC9F /* OpenAIChatUITests */,
			);
		};
/* End PBXProject section */

/* Begin PBXResourcesBuildPhase section */
		594018D82B8E9A13009ABC9F /* Resources */ = {
			isa = PBXResourcesBuildPhase;
			buildActionMask = 2147483647;
			files = (
				594018E52B8E9A15009ABC9F /* Preview Assets.xcassets in Resources */,
				594018E22B8E9A15009ABC9F /* Assets.xcassets in Resources */,
			);
			runOnlyForDeploymentPostprocessing = 0;
		};
		594018ED2B8E9A15009ABC9F /* Resources */ = {
			isa = PBXResourcesBuildPhase;
			buildActionMask = 2147483647;
			files = (
			);
			runOnlyForDeploymentPostprocessing = 0;
		};
		594018F72B8E9A15009ABC9F /* Resources */ = {
			isa = PBXResourcesBuildPhase;
			buildActionMask = 2147483647;
			files = (
			);
			runOnlyForDeploymentPostprocessing = 0;
		};
/* End PBXResourcesBuildPhase section */

/* Begin PBXSourcesBuildPhase section */
		594018D62B8E9A13009ABC9F /* Sources */ = {
			isa = PBXSourcesBuildPhase;
			buildActionMask = 2147483647;
			files = (
				596B79622B9108B900C93BC0 /* SMBModel.swift in Sources */,
				5940191F2B8EB13A009ABC9F /* Message+CoreDataClass.swift in Sources */,
				59B8C2982B95067B00C19B1E /* TextFieldView.swift in Sources */,
				594019282B8FE0BE009ABC9F /* MainView.swift in Sources */,
				596B79642B910B2900C93BC0 /* ApiResponsePersistence.swift in Sources */,
				596B795E2B9107AC00C93BC0 /* SMBView.swift in Sources */,
				594019242B8F90EE009ABC9F /* Chat+CoreDataClass.swift in Sources */,
				5940191C2B8EA9B0009ABC9F /* ApiResponseChoices+CoreDataProperties.swift in Sources */,
				595BF5AE2B90391500E135BF /* ChatView.swift in Sources */,
				596B79602B91087E00C93BC0 /* SMBViewModel.swift in Sources */,
				596B796A2B91145400C93BC0 /* TextFieldModel.swift in Sources */,
				594019252B8F90EE009ABC9F /* Chat+CoreDataProperties.swift in Sources */,
				594018E72B8E9A15009ABC9F /* Persistence.swift in Sources */,
				595BF5AA2B90282400E135BF /* ChatViewModel.swift in Sources */,
				5940192E2B8FE578009ABC9F /* MessageModel.swift in Sources */,
				594019162B8EA530009ABC9F /* ApiResponse+CoreDataProperties.swift in Sources */,
				594018DE2B8E9A13009ABC9F /* OpenAIChatApp.swift in Sources */,
				594019152B8EA530009ABC9F /* ApiResponse+CoreDataClass.swift in Sources */,
				595BF5A82B90281500E135BF /* ChatModel.swift in Sources */,
				596B79682B91143E00C93BC0 /* TextFieldViewModel.swift in Sources */,
				594018EA2B8E9A15009ABC9F /* OpenAIChat.xcdatamodeld in Sources */,
				594019202B8EB13A009ABC9F /* Message+CoreDataProperties.swift in Sources */,
				594019322B8FED38009ABC9F /* MessageView.swift in Sources */,
				5940191B2B8EA9B0009ABC9F /* ApiResponseChoices+CoreDataClass.swift in Sources */,
			);
			runOnlyForDeploymentPostprocessing = 0;
		};
		594018EB2B8E9A15009ABC9F /* Sources */ = {
			isa = PBXSourcesBuildPhase;
			buildActionMask = 2147483647;
			files = (
				594018F42B8E9A15009ABC9F /* OpenAIChatTests.swift in Sources */,
			);
			runOnlyForDeploymentPostprocessing = 0;
		};
		594018F52B8E9A15009ABC9F /* Sources */ = {
			isa = PBXSourcesBuildPhase;
			buildActionMask = 2147483647;
			files = (
				594019002B8E9A15009ABC9F /* OpenAIChatUITestsLaunchTests.swift in Sources */,
				594018FE2B8E9A15009ABC9F /* OpenAIChatUITests.swift in Sources */,
			);
			runOnlyForDeploymentPostprocessing = 0;
		};
/* End PBXSourcesBuildPhase section */

/* Begin PBXTargetDependency section */
		594018F12B8E9A15009ABC9F /* PBXTargetDependency */ = {
			isa = PBXTargetDependency;
			target = 594018D92B8E9A13009ABC9F /* OpenAIChat */;
			targetProxy = 594018F02B8E9A15009ABC9F /* PBXContainerItemProxy */;
		};
		594018FB2B8E9A15009ABC9F /* PBXTargetDependency */ = {
			isa = PBXTargetDependency;
			target = 594018D92B8E9A13009ABC9F /* OpenAIChat */;
			targetProxy = 594018FA2B8E9A15009ABC9F /* PBXContainerItemProxy */;
		};
/* End PBXTargetDependency section */

/* Begin XCBuildConfiguration section */
		594019012B8E9A15009ABC9F /* Debug */ = {
			isa = XCBuildConfiguration;
			buildSettings = {
				ALWAYS_SEARCH_USER_PATHS = NO;
				ASSETCATALOG_COMPILER_GENERATE_SWIFT_ASSET_SYMBOL_EXTENSIONS = YES;
				CLANG_ANALYZER_NONNULL = YES;
				CLANG_ANALYZER_NUMBER_OBJECT_CONVERSION = YES_AGGRESSIVE;
				CLANG_CXX_LANGUAGE_STANDARD = "gnu++20";
				CLANG_ENABLE_MODULES = YES;
				CLANG_ENABLE_OBJC_ARC = YES;
				CLANG_ENABLE_OBJC_WEAK = YES;
				CLANG_WARN_BLOCK_CAPTURE_AUTORELEASING = YES;
				CLANG_WARN_BOOL_CONVERSION = YES;
				CLANG_WARN_COMMA = YES;
				CLANG_WARN_CONSTANT_CONVERSION = YES;
				CLANG_WARN_DEPRECATED_OBJC_IMPLEMENTATIONS = YES;
				CLANG_WARN_DIRECT_OBJC_ISA_USAGE = YES_ERROR;
				CLANG_WARN_DOCUMENTATION_COMMENTS = YES;
				CLANG_WARN_EMPTY_BODY = YES;
				CLANG_WARN_ENUM_CONVERSION = YES;
				CLANG_WARN_INFINITE_RECURSION = YES;
				CLANG_WARN_INT_CONVERSION = YES;
				CLANG_WARN_NON_LITERAL_NULL_CONVERSION = YES;
				CLANG_WARN_OBJC_IMPLICIT_RETAIN_SELF = YES;
				CLANG_WARN_OBJC_LITERAL_CONVERSION = YES;
				CLANG_WARN_OBJC_ROOT_CLASS = YES_ERROR;
				CLANG_WARN_QUOTED_INCLUDE_IN_FRAMEWORK_HEADER = YES;
				CLANG_WARN_RANGE_LOOP_ANALYSIS = YES;
				CLANG_WARN_STRICT_PROTOTYPES = YES;
				CLANG_WARN_SUSPICIOUS_MOVE = YES;
				CLANG_WARN_UNGUARDED_AVAILABILITY = YES_AGGRESSIVE;
				CLANG_WARN_UNREACHABLE_CODE = YES;
				CLANG_WARN__DUPLICATE_METHOD_MATCH = YES;
				COPY_PHASE_STRIP = NO;
				DEBUG_INFORMATION_FORMAT = dwarf;
				ENABLE_STRICT_OBJC_MSGSEND = YES;
				ENABLE_TESTABILITY = YES;
				ENABLE_USER_SCRIPT_SANDBOXING = YES;
				GCC_C_LANGUAGE_STANDARD = gnu17;
				GCC_DYNAMIC_NO_PIC = NO;
				GCC_NO_COMMON_BLOCKS = YES;
				GCC_OPTIMIZATION_LEVEL = 0;
				GCC_PREPROCESSOR_DEFINITIONS = (
					"DEBUG=1",
					"$(inherited)",
				);
				GCC_WARN_64_TO_32_BIT_CONVERSION = YES;
				GCC_WARN_ABOUT_RETURN_TYPE = YES_ERROR;
				GCC_WARN_UNDECLARED_SELECTOR = YES;
				GCC_WARN_UNINITIALIZED_AUTOS = YES_AGGRESSIVE;
				GCC_WARN_UNUSED_FUNCTION = YES;
				GCC_WARN_UNUSED_VARIABLE = YES;
				IPHONEOS_DEPLOYMENT_TARGET = 17.2;
				LOCALIZATION_PREFERS_STRING_CATALOGS = YES;
				MTL_ENABLE_DEBUG_INFO = INCLUDE_SOURCE;
				MTL_FAST_MATH = YES;
				ONLY_ACTIVE_ARCH = YES;
				SDKROOT = iphoneos;
				SWIFT_ACTIVE_COMPILATION_CONDITIONS = "DEBUG $(inherited)";
				SWIFT_OPTIMIZATION_LEVEL = "-Onone";
			};
			name = Debug;
		};
		594019022B8E9A15009ABC9F /* Release */ = {
			isa = XCBuildConfiguration;
			buildSettings = {
				ALWAYS_SEARCH_USER_PATHS = NO;
				ASSETCATALOG_COMPILER_GENERATE_SWIFT_ASSET_SYMBOL_EXTENSIONS = YES;
				CLANG_ANALYZER_NONNULL = YES;
				CLANG_ANALYZER_NUMBER_OBJECT_CONVERSION = YES_AGGRESSIVE;
				CLANG_CXX_LANGUAGE_STANDARD = "gnu++20";
				CLANG_ENABLE_MODULES = YES;
				CLANG_ENABLE_OBJC_ARC = YES;
				CLANG_ENABLE_OBJC_WEAK = YES;
				CLANG_WARN_BLOCK_CAPTURE_AUTORELEASING = YES;
				CLANG_WARN_BOOL_CONVERSION = YES;
				CLANG_WARN_COMMA = YES;
				CLANG_WARN_CONSTANT_CONVERSION = YES;
				CLANG_WARN_DEPRECATED_OBJC_IMPLEMENTATIONS = YES;
				CLANG_WARN_DIRECT_OBJC_ISA_USAGE = YES_ERROR;
				CLANG_WARN_DOCUMENTATION_COMMENTS = YES;
				CLANG_WARN_EMPTY_BODY = YES;
				CLANG_WARN_ENUM_CONVERSION = YES;
				CLANG_WARN_INFINITE_RECURSION = YES;
				CLANG_WARN_INT_CONVERSION = YES;
				CLANG_WARN_NON_LITERAL_NULL_CONVERSION = YES;
				CLANG_WARN_OBJC_IMPLICIT_RETAIN_SELF = YES;
				CLANG_WARN_OBJC_LITERAL_CONVERSION = YES;
				CLANG_WARN_OBJC_ROOT_CLASS = YES_ERROR;
				CLANG_WARN_QUOTED_INCLUDE_IN_FRAMEWORK_HEADER = YES;
				CLANG_WARN_RANGE_LOOP_ANALYSIS = YES;
				CLANG_WARN_STRICT_PROTOTYPES = YES;
				CLANG_WARN_SUSPICIOUS_MOVE = YES;
				CLANG_WARN_UNGUARDED_AVAILABILITY = YES_AGGRESSIVE;
				CLANG_WARN_UNREACHABLE_CODE = YES;
				CLANG_WARN__DUPLICATE_METHOD_MATCH = YES;
				COPY_PHASE_STRIP = NO;
				DEBUG_INFORMATION_FORMAT = "dwarf-with-dsym";
				ENABLE_NS_ASSERTIONS = NO;
				ENABLE_STRICT_OBJC_MSGSEND = YES;
				ENABLE_USER_SCRIPT_SANDBOXING = YES;
				GCC_C_LANGUAGE_STANDARD = gnu17;
				GCC_NO_COMMON_BLOCKS = YES;
				GCC_WARN_64_TO_32_BIT_CONVERSION = YES;
				GCC_WARN_ABOUT_RETURN_TYPE = YES_ERROR;
				GCC_WARN_UNDECLARED_SELECTOR = YES;
				GCC_WARN_UNINITIALIZED_AUTOS = YES_AGGRESSIVE;
				GCC_WARN_UNUSED_FUNCTION = YES;
				GCC_WARN_UNUSED_VARIABLE = YES;
				IPHONEOS_DEPLOYMENT_TARGET = 17.2;
				LOCALIZATION_PREFERS_STRING_CATALOGS = YES;
				MTL_ENABLE_DEBUG_INFO = NO;
				MTL_FAST_MATH = YES;
				SDKROOT = iphoneos;
				SWIFT_COMPILATION_MODE = wholemodule;
				VALIDATE_PRODUCT = YES;
			};
			name = Release;
		};
		594019042B8E9A15009ABC9F /* Debug */ = {
			isa = XCBuildConfiguration;
			buildSettings = {
				ASSETCATALOG_COMPILER_APPICON_NAME = AppIcon;
				ASSETCATALOG_COMPILER_GLOBAL_ACCENT_COLOR_NAME = AccentColor;
				CODE_SIGN_STYLE = Automatic;
				CURRENT_PROJECT_VERSION = 1;
				DEVELOPMENT_ASSET_PATHS = "\"OpenAIChat/Preview Content\"";
				DEVELOPMENT_TEAM = 8H5QMMAF7N;
				ENABLE_PREVIEWS = YES;
				GENERATE_INFOPLIST_FILE = YES;
				INFOPLIST_KEY_UIApplicationSceneManifest_Generation = YES;
				INFOPLIST_KEY_UIApplicationSupportsIndirectInputEvents = YES;
				INFOPLIST_KEY_UILaunchScreen_Generation = YES;
				INFOPLIST_KEY_UISupportedInterfaceOrientations_iPad = "UIInterfaceOrientationPortrait UIInterfaceOrientationPortraitUpsideDown UIInterfaceOrientationLandscapeLeft UIInterfaceOrientationLandscapeRight";
				INFOPLIST_KEY_UISupportedInterfaceOrientations_iPhone = "UIInterfaceOrientationPortrait UIInterfaceOrientationLandscapeLeft UIInterfaceOrientationLandscapeRight";
				LD_RUNPATH_SEARCH_PATHS = (
					"$(inherited)",
					"@executable_path/Frameworks",
				);
				MARKETING_VERSION = 1.0;
				PRODUCT_BUNDLE_IDENTIFIER = luchos.OpenAIChat;
				PRODUCT_NAME = "$(TARGET_NAME)";
				SWIFT_EMIT_LOC_STRINGS = YES;
				SWIFT_VERSION = 5.0;
				TARGETED_DEVICE_FAMILY = "1,2";
			};
			name = Debug;
		};
		594019052B8E9A15009ABC9F /* Release */ = {
			isa = XCBuildConfiguration;
			buildSettings = {
				ASSETCATALOG_COMPILER_APPICON_NAME = AppIcon;
				ASSETCATALOG_COMPILER_GLOBAL_ACCENT_COLOR_NAME = AccentColor;
				CODE_SIGN_STYLE = Automatic;
				CURRENT_PROJECT_VERSION = 1;
				DEVELOPMENT_ASSET_PATHS = "\"OpenAIChat/Preview Content\"";
				DEVELOPMENT_TEAM = 8H5QMMAF7N;
				ENABLE_PREVIEWS = YES;
				GENERATE_INFOPLIST_FILE = YES;
				INFOPLIST_KEY_UIApplicationSceneManifest_Generation = YES;
				INFOPLIST_KEY_UIApplicationSupportsIndirectInputEvents = YES;
				INFOPLIST_KEY_UILaunchScreen_Generation = YES;
				INFOPLIST_KEY_UISupportedInterfaceOrientations_iPad = "UIInterfaceOrientationPortrait UIInterfaceOrientationPortraitUpsideDown UIInterfaceOrientationLandscapeLeft UIInterfaceOrientationLandscapeRight";
				INFOPLIST_KEY_UISupportedInterfaceOrientations_iPhone = "UIInterfaceOrientationPortrait UIInterfaceOrientationLandscapeLeft UIInterfaceOrientationLandscapeRight";
				LD_RUNPATH_SEARCH_PATHS = (
					"$(inherited)",
					"@executable_path/Frameworks",
				);
				MARKETING_VERSION = 1.0;
				PRODUCT_BUNDLE_IDENTIFIER = luchos.OpenAIChat;
				PRODUCT_NAME = "$(TARGET_NAME)";
				SWIFT_EMIT_LOC_STRINGS = YES;
				SWIFT_VERSION = 5.0;
				TARGETED_DEVICE_FAMILY = "1,2";
			};
			name = Release;
		};
		594019072B8E9A15009ABC9F /* Debug */ = {
			isa = XCBuildConfiguration;
			buildSettings = {
				ALWAYS_EMBED_SWIFT_STANDARD_LIBRARIES = YES;
				BUNDLE_LOADER = "$(TEST_HOST)";
				CODE_SIGN_STYLE = Automatic;
				CURRENT_PROJECT_VERSION = 1;
				DEVELOPMENT_TEAM = 8H5QMMAF7N;
				GENERATE_INFOPLIST_FILE = YES;
				IPHONEOS_DEPLOYMENT_TARGET = 17.2;
				MARKETING_VERSION = 1.0;
				PRODUCT_BUNDLE_IDENTIFIER = luchos.OpenAIChatTests;
				PRODUCT_NAME = "$(TARGET_NAME)";
				SWIFT_EMIT_LOC_STRINGS = NO;
				SWIFT_VERSION = 5.0;
				TARGETED_DEVICE_FAMILY = "1,2";
				TEST_HOST = "$(BUILT_PRODUCTS_DIR)/OpenAIChat.app/$(BUNDLE_EXECUTABLE_FOLDER_PATH)/OpenAIChat";
			};
			name = Debug;
		};
		594019082B8E9A15009ABC9F /* Release */ = {
			isa = XCBuildConfiguration;
			buildSettings = {
				ALWAYS_EMBED_SWIFT_STANDARD_LIBRARIES = YES;
				BUNDLE_LOADER = "$(TEST_HOST)";
				CODE_SIGN_STYLE = Automatic;
				CURRENT_PROJECT_VERSION = 1;
				DEVELOPMENT_TEAM = 8H5QMMAF7N;
				GENERATE_INFOPLIST_FILE = YES;
				IPHONEOS_DEPLOYMENT_TARGET = 17.2;
				MARKETING_VERSION = 1.0;
				PRODUCT_BUNDLE_IDENTIFIER = luchos.OpenAIChatTests;
				PRODUCT_NAME = "$(TARGET_NAME)";
				SWIFT_EMIT_LOC_STRINGS = NO;
				SWIFT_VERSION = 5.0;
				TARGETED_DEVICE_FAMILY = "1,2";
				TEST_HOST = "$(BUILT_PRODUCTS_DIR)/OpenAIChat.app/$(BUNDLE_EXECUTABLE_FOLDER_PATH)/OpenAIChat";
			};
			name = Release;
		};
		5940190A2B8E9A15009ABC9F /* Debug */ = {
			isa = XCBuildConfiguration;
			buildSettings = {
				ALWAYS_EMBED_SWIFT_STANDARD_LIBRARIES = YES;
				CODE_SIGN_STYLE = Automatic;
				CURRENT_PROJECT_VERSION = 1;
				DEVELOPMENT_TEAM = 8H5QMMAF7N;
				GENERATE_INFOPLIST_FILE = YES;
				MARKETING_VERSION = 1.0;
				PRODUCT_BUNDLE_IDENTIFIER = luchos.OpenAIChatUITests;
				PRODUCT_NAME = "$(TARGET_NAME)";
				SWIFT_EMIT_LOC_STRINGS = NO;
				SWIFT_VERSION = 5.0;
				TARGETED_DEVICE_FAMILY = "1,2";
				TEST_TARGET_NAME = OpenAIChat;
			};
			name = Debug;
		};
		5940190B2B8E9A15009ABC9F /* Release */ = {
			isa = XCBuildConfiguration;
			buildSettings = {
				ALWAYS_EMBED_SWIFT_STANDARD_LIBRARIES = YES;
				CODE_SIGN_STYLE = Automatic;
				CURRENT_PROJECT_VERSION = 1;
				DEVELOPMENT_TEAM = 8H5QMMAF7N;
				GENERATE_INFOPLIST_FILE = YES;
				MARKETING_VERSION = 1.0;
				PRODUCT_BUNDLE_IDENTIFIER = luchos.OpenAIChatUITests;
				PRODUCT_NAME = "$(TARGET_NAME)";
				SWIFT_EMIT_LOC_STRINGS = NO;
				SWIFT_VERSION = 5.0;
				TARGETED_DEVICE_FAMILY = "1,2";
				TEST_TARGET_NAME = OpenAIChat;
			};
			name = Release;
		};
/* End XCBuildConfiguration section */

/* Begin XCConfigurationList section */
		594018D52B8E9A13009ABC9F /* Build configuration list for PBXProject "OpenAIChat" */ = {
			isa = XCConfigurationList;
			buildConfigurations = (
				594019012B8E9A15009ABC9F /* Debug */,
				594019022B8E9A15009ABC9F /* Release */,
			);
			defaultConfigurationIsVisible = 0;
			defaultConfigurationName = Release;
		};
		594019032B8E9A15009ABC9F /* Build configuration list for PBXNativeTarget "OpenAIChat" */ = {
			isa = XCConfigurationList;
			buildConfigurations = (
				594019042B8E9A15009ABC9F /* Debug */,
				594019052B8E9A15009ABC9F /* Release */,
			);
			defaultConfigurationIsVisible = 0;
			defaultConfigurationName = Release;
		};
		594019062B8E9A15009ABC9F /* Build configuration list for PBXNativeTarget "OpenAIChatTests" */ = {
			isa = XCConfigurationList;
			buildConfigurations = (
				594019072B8E9A15009ABC9F /* Debug */,
				594019082B8E9A15009ABC9F /* Release */,
			);
			defaultConfigurationIsVisible = 0;
			defaultConfigurationName = Release;
		};
		594019092B8E9A15009ABC9F /* Build configuration list for PBXNativeTarget "OpenAIChatUITests" */ = {
			isa = XCConfigurationList;
			buildConfigurations = (
				5940190A2B8E9A15009ABC9F /* Debug */,
				5940190B2B8E9A15009ABC9F /* Release */,
			);
			defaultConfigurationIsVisible = 0;
			defaultConfigurationName = Release;
		};
/* End XCConfigurationList section */

/* Begin XCVersionGroup section */
		594018E82B8E9A15009ABC9F /* OpenAIChat.xcdatamodeld */ = {
			isa = XCVersionGroup;
			children = (
				594018E92B8E9A15009ABC9F /* OpenAIChat.xcdatamodel */,
			);
			currentVersion = 594018E92B8E9A15009ABC9F /* OpenAIChat.xcdatamodel */;
			path = OpenAIChat.xcdatamodeld;
			sourceTree = "<group>";
			versionGroupType = wrapper.xcdatamodel;
		};
/* End XCVersionGroup section */
	};
	rootObject = 594018D22B8E9A13009ABC9F /* Project object */;
}
